{
  "name": "@audiocloud/cloud-client",
  "version": "0.0.12",
  "lockfileVersion": 2,
  "requires": true,
  "packages": {
    "": {
      "name": "@audiocloud/cloud-client",
      "version": "0.0.12",
      "license": "ISC",
      "dependencies": {
        "@audiocloud/api": "^0.0.9"
      },
      "devDependencies": {
        "typescript": "^4"
      },
      "engines": {
        "node": ">=18.0.0"
      }
    },
    "node_modules/@audiocloud/api": {
      "version": "0.0.9",
      "resolved": "https://registry.npmjs.org/@audiocloud/api/-/api-0.0.9.tgz",
      "integrity": "sha512-bLLSkiFB6CFGBmH5xvfegL8UcOHmL4WvKLHyzCjmTVKdjPieuyziOghhax0VyqHXNsuon7SDm/F3hwBOLgK2Gg==",
      "dependencies": {
        "@sinclair/typebox": "^0.24"
      }
    },
    "node_modules/@sinclair/typebox": {
      "version": "0.24.20",
      "resolved": "https://registry.npmjs.org/@sinclair/typebox/-/typebox-0.24.20.tgz",
      "integrity": "sha512-kVaO5aEFZb33nPMTZBxiPEkY+slxiPtqC7QX8f9B3eGOMBvEfuMfxp9DSTTCsRJPumPKjrge4yagyssO4q6qzQ=="
    },
    "node_modules/typescript": {
      "version": "4.7.4",
      "resolved": "https://registry.npmjs.org/typescript/-/typescript-4.7.4.tgz",
      "integrity": "sha512-C0WQT0gezHuw6AdY1M2jxUO83Rjf0HP7Sk1DtXj6j1EwkQNZrHAg2XPWlq62oqEhYvONq5pkC2Y9oPljWToLmQ==",
      "dev": true,
      "bin": {
        "tsc": "bin/tsc",
        "tsserver": "bin/tsserver"
      },
      "engines": {
        "node": ">=4.2.0"
      }
    }
  },
  "dependencies": {
    "@audiocloud/api": {
      "version": "0.0.9",
      "resolved": "https://registry.npmjs.org/@audiocloud/api/-/api-0.0.9.tgz",
      "integrity": "sha512-bLLSkiFB6CFGBmH5xvfegL8UcOHmL4WvKLHyzCjmTVKdjPieuyziOghhax0VyqHXNsuon7SDm/F3hwBOLgK2Gg==",
      "requires": {
        "@sinclair/typebox": "^0.24"
      }
    },
    "@sinclair/typebox": {
      "version": "0.24.20",
      "resolved": "https://registry.npmjs.org/@sinclair/typebox/-/typebox-0.24.20.tgz",
      "integrity": "sha512-kVaO5aEFZb33nPMTZBxiPEkY+slxiPtqC7QX8f9B3eGOMBvEfuMfxp9DSTTCsRJPumPKjrge4yagyssO4q6qzQ=="
    },
    "typescript": {
      "version": "4.7.4",
      "resolved": "https://registry.npmjs.org/typescript/-/typescript-4.7.4.tgz",
      "integrity": "sha512-C0WQT0gezHuw6AdY1M2jxUO83Rjf0HP7Sk1DtXj6j1EwkQNZrHAg2XPWlq62oqEhYvONq5pkC2Y9oPljWToLmQ==",
      "dev": true
    }
  }
}
